
Microsoft Visual Studio Solution File, Format Version 12.00
# Visual Studio Version 17
VisualStudioVersion = 17.4.33213.308
MinimumVisualStudioVersion = 10.0.40219.1
Project("{FAE04EC0-301F-11D3-BF4B-00C04F79EFBC}") = "TCP-IP_Client", "TCP-IP_Client.csproj", "{084FC206-FF63-4613-876C-F665A6D1144B}"
EndProject
Project("{FAE04EC0-301F-11D3-BF4B-00C04F79EFBC}") = "TCP-IP_Server", "..\TCP-IP_Server\TCP-IP_Server.csproj", "{7248F8F9-C1CD-4DD2-8E8E-D4C46A5705BD}"
EndProject
Global
	GlobalSection(SolutionConfigurationPlatforms) = preSolution
		Debug|Any CPU = Debug|Any CPU
		Release|Any CPU = Release|Any CPU
	EndGlobalSection
	GlobalSection(ProjectConfigurationPlatforms) = postSolution
		{084FC206-FF63-4613-876C-F665A6D1144B}.Debug|Any CPU.ActiveCfg = Debug|Any CPU
		{084FC206-FF63-4613-876C-F665A6D1144B}.Debug|Any CPU.Build.0 = Debug|Any CPU
		{084FC206-FF63-4613-876C-F665A6D1144B}.Release|Any CPU.ActiveCfg = Release|Any CPU
		{084FC206-FF63-4613-876C-F665A6D1144B}.Release|Any CPU.Build.0 = Release|Any CPU
		{7248F8F9-C1CD-4DD2-8E8E-D4C46A5705BD}.Debug|Any CPU.ActiveCfg = Debug|Any CPU
		{7248F8F9-C1CD-4DD2-8E8E-D4C46A5705BD}.Debug|Any CPU.Build.0 = Debug|Any CPU
		{7248F8F9-C1CD-4DD2-8E8E-D4C46A5705BD}.Release|Any CPU.ActiveCfg = Release|Any CPU
		{7248F8F9-C1CD-4DD2-8E8E-D4C46A5705BD}.Release|Any CPU.Build.0 = Release|Any CPU
	EndGlobalSection
	GlobalSection(SolutionProperties) = preSolution
		HideSolutionNode = FALSE
	EndGlobalSection
	GlobalSection(ExtensibilityGlobals) = postSolution
		SolutionGuid = {FE3DFBF4-76DB-4295-A92F-26D5FE8757DF}
	EndGlobalSection
EndGlobal
